{
    "version": 4,
    "terraform_version": "1.4.0",
    "serial": 100,
    "lineage": "7345f85e-082c-a96d-5b29-7c8069038b06",
    "outputs": {
      "dns": {
        "value": "mvws920230317205929538000000009-383949910.eu-west-2.elb.amazonaws.com",
        "type": "string"
      }
    },
    "resources": [
      {
        "mode": "data",
        "type": "aws_ami",
        "name": "amazon_linux",
        "provider": "provider[\"registry.terraform.io/hashicorp/aws\"]",
        "instances": [
          {
            "schema_version": 0,
            "attributes": {
              "architecture": "x86_64",
              "arn": "arn:aws:ec2:eu-west-2::image/ami-02b9b693377a07477",
              "block_device_mappings": [
                {
                  "device_name": "/dev/xvda",
                  "ebs": {
                    "delete_on_termination": "true",
                    "encrypted": "false",
                    "iops": "0",
                    "snapshot_id": "snap-0395c909835da3d1f",
                    "throughput": "0",
                    "volume_size": "8",
                    "volume_type": "gp2"
                  },
                  "no_device": "",
                  "virtual_name": ""
                }
              ],
              "boot_mode": "",
              "creation_date": "2023-03-08T13:11:41.892Z",
              "deprecation_time": "2025-03-08T13:11:41.892Z",
              "description": "Amazon Linux 2 AMI 2.0.20230307.0 x86_64 HVM gp2",
              "ena_support": true,
              "executable_users": null,
              "filter": [
                {
                  "name": "architecture",
                  "values": [
                    "x86_64"
                  ]
                },
                {
                  "name": "name",
                  "values": [
                    "amzn2-ami-hvm-*-gp2"
                  ]
                },
                {
                  "name": "root-device-type",
                  "values": [
                    "ebs"
                  ]
                },
                {
                  "name": "virtualization-type",
                  "values": [
                    "hvm"
                  ]
                }
              ],
              "hypervisor": "xen",
              "id": "ami-02b9b693377a07477",
              "image_id": "ami-02b9b693377a07477",
              "image_location": "amazon/amzn2-ami-hvm-2.0.20230307.0-x86_64-gp2",
              "image_owner_alias": "amazon",
              "image_type": "machine",
              "imds_support": "",
              "include_deprecated": false,
              "kernel_id": "",
              "most_recent": true,
              "name": "amzn2-ami-hvm-2.0.20230307.0-x86_64-gp2",
              "name_regex": null,
              "owner_id": "137112412989",
              "owners": [
                "amazon"
              ],
              "platform": "",
              "platform_details": "Linux/UNIX",
              "product_codes": [],
              "public": true,
              "ramdisk_id": "",
              "root_device_name": "/dev/xvda",
              "root_device_type": "ebs",
              "root_snapshot_id": "snap-0395c909835da3d1f",
              "sriov_net_support": "simple",
              "state": "available",
              "state_reason": {
                "code": "UNSET",
                "message": "UNSET"
              },
              "tags": {},
              "timeouts": null,
              "tpm_support": "",
              "usage_operation": "RunInstances",
              "virtualization_type": "hvm"
            },
            "sensitive_attributes": []
          }
        ]
      },
      {
        "mode": "data",
        "type": "aws_availability_zones",
        "name": "eu_west_2",
        "provider": "provider[\"registry.terraform.io/hashicorp/aws\"]",
        "instances": [
          {
            "schema_version": 0,
            "attributes": {
              "all_availability_zones": null,
              "exclude_names": null,
              "exclude_zone_ids": null,
              "filter": [
                {
                  "name": "opt-in-status",
                  "values": [
                    "opt-in-not-required"
                  ]
                },
                {
                  "name": "region-name",
                  "values": [
                    "eu-west-2"
                  ]
                }
              ],
              "group_names": [
                "eu-west-2"
              ],
              "id": "eu-west-2",
              "names": [
                "eu-west-2a",
                "eu-west-2b",
                "eu-west-2c"
              ],
              "state": "available",
              "timeouts": null,
              "zone_ids": [
                "euw2-az2",
                "euw2-az3",
                "euw2-az1"
              ]
            },
            "sensitive_attributes": []
          }
        ]
      },
      {
        "mode": "data",
        "type": "aws_iam_policy_document",
        "name": "assume_role",
        "provider": "provider[\"registry.terraform.io/hashicorp/aws\"]",
        "instances": [
          {
            "schema_version": 0,
            "attributes": {
              "id": "1903849331",
              "json": "{\n  \"Version\": \"2012-10-17\",\n  \"Statement\": [\n    {\n      \"Sid\": \"\",\n      \"Effect\": \"Allow\",\n      \"Action\": \"sts:AssumeRole\",\n      \"Principal\": {\n        \"Service\": \"ec2.amazonaws.com\"\n      }\n    }\n  ]\n}",
              "override_json": null,
              "override_policy_documents": null,
              "policy_id": null,
              "source_json": null,
              "source_policy_documents": null,
              "statement": [
                {
                  "actions": [
                    "sts:AssumeRole"
                  ],
                  "condition": [],
                  "effect": "Allow",
                  "not_actions": [],
                  "not_principals": [],
                  "not_resources": [],
                  "principals": [
                    {
                      "identifiers": [
                        "ec2.amazonaws.com"
                      ],
                      "type": "Service"
                    }
                  ],
                  "resources": [],
                  "sid": ""
                }
              ],
              "version": "2012-10-17"
            },
            "sensitive_attributes": []
          }
        ]
      },
      {
        "mode": "data",
        "type": "aws_iam_policy_document",
        "name": "ec2",
        "provider": "provider[\"registry.terraform.io/hashicorp/aws\"]",
        "instances": [
          {
            "schema_version": 0,
            "attributes": {
              "id": "455600609",
              "json": "{\n  \"Version\": \"2012-10-17\",\n  \"Statement\": [\n    {\n      \"Sid\": \"\",\n      \"Effect\": \"Allow\",\n      \"Action\": \"s3:*\",\n      \"Resource\": \"arn:aws:s3:::*\"\n    }\n  ]\n}",
              "override_json": null,
              "override_policy_documents": null,
              "policy_id": null,
              "source_json": null,
              "source_policy_documents": null,
              "statement": [
                {
                  "actions": [
                    "s3:*"
                  ],
                  "condition": [],
                  "effect": "Allow",
                  "not_actions": [],
                  "not_principals": [],
                  "not_resources": [],
                  "principals": [],
                  "resources": [
                    "arn:aws:s3:::*"
                  ],
                  "sid": ""
                }
              ],
              "version": "2012-10-17"
            },
            "sensitive_attributes": []
          }
        ]
      },
      {
        "mode": "managed",
        "type": "aws_autoscaling_attachment",
        "name": "this",
        "provider": "provider[\"registry.terraform.io/hashicorp/aws\"]",
        "instances": [
          {
            "schema_version": 0,
            "attributes": {
              "alb_target_group_arn": null,
              "autoscaling_group_name": "mvws92023031720593001480000000c",
              "elb": null,
              "id": "mvws92023031720593001480000000c-2023031720594682650000000d",
              "lb_target_group_arn": "arn:aws:elasticloadbalancing:eu-west-2:848268827426:targetgroup/mvws920230317205927431200000008/f2e238574b4a898c"
            },
            "sensitive_attributes": [],
            "private": "bnVsbA==",
            "dependencies": [
              "aws_autoscaling_group.this",
              "aws_iam_instance_profile.this",
              "aws_iam_role.this",
              "aws_launch_template.this",
              "aws_lb_target_group.http",
              "aws_s3_bucket.this",
              "aws_security_group.ec2",
              "aws_subnet.public",
              "aws_vpc.this",
              "data.aws_ami.amazon_linux",
              "data.aws_availability_zones.eu_west_2",
              "data.aws_iam_policy_document.assume_role"
            ]
          }
        ]
      },
      {
        "mode": "managed",
        "type": "aws_autoscaling_group",
        "name": "this",
        "provider": "provider[\"registry.terraform.io/hashicorp/aws\"]",
        "instances": [
          {
            "schema_version": 0,
            "attributes": {
              "arn": "arn:aws:autoscaling:eu-west-2:848268827426:autoScalingGroup:50f010af-354f-4636-b85d-103c2c06580c:autoScalingGroupName/mvws92023031720593001480000000c",
              "availability_zones": [
                "eu-west-2b",
                "eu-west-2c"
              ],
              "capacity_rebalance": false,
              "context": "",
              "default_cooldown": 300,
              "default_instance_warmup": 0,
              "desired_capacity": 1,
              "desired_capacity_type": "",
              "enabled_metrics": [],
              "force_delete": false,
              "force_delete_warm_pool": false,
              "health_check_grace_period": 30,
              "health_check_type": "ELB",
              "id": "mvws92023031720593001480000000c",
              "initial_lifecycle_hook": [],
              "instance_refresh": [
                {
                  "preferences": [
                    {
                      "auto_rollback": false,
                      "checkpoint_delay": "",
                      "checkpoint_percentages": [],
                      "instance_warmup": "",
                      "min_healthy_percentage": 50,
                      "skip_matching": false
                    }
                  ],
                  "strategy": "Rolling",
                  "triggers": [
                    "tag"
                  ]
                }
              ],
              "launch_configuration": "",
              "launch_template": [
                {
                  "id": "lt-060a52854dd8b38fe",
                  "name": "mvws92023031720592957900000000a",
                  "version": "$Latest"
                }
              ],
              "load_balancers": [],
              "max_instance_lifetime": 0,
              "max_size": 1,
              "metrics_granularity": "1Minute",
              "min_elb_capacity": null,
              "min_size": 1,
              "mixed_instances_policy": [],
              "name": "mvws92023031720593001480000000c",
              "name_prefix": "mvws9",
              "placement_group": "",
              "protect_from_scale_in": false,
              "service_linked_role_arn": "arn:aws:iam::848268827426:role/aws-service-role/autoscaling.amazonaws.com/AWSServiceRoleForAutoScaling",
              "suspended_processes": [],
              "tag": [
                {
                  "key": "Name",
                  "propagate_at_launch": true,
                  "value": "multiverse"
                }
              ],
              "tags": null,
              "target_group_arns": [
                "arn:aws:elasticloadbalancing:eu-west-2:848268827426:targetgroup/mvws920230317205927431200000008/f2e238574b4a898c"
              ],
              "termination_policies": [],
              "timeouts": null,
              "vpc_zone_identifier": [
                "subnet-0d8c7645b4bb6df5d",
                "subnet-0fa1cf48ffe70d044"
              ],
              "wait_for_capacity_timeout": "10m",
              "wait_for_elb_capacity": null,
              "warm_pool": []
            },
            "sensitive_attributes": [],
            "private": "eyJlMmJmYjczMC1lY2FhLTExZTYtOGY4OC0zNDM2M2JjN2M0YzAiOnsiZGVsZXRlIjo2MDAwMDAwMDAwMDAsInVwZGF0ZSI6NjAwMDAwMDAwMDAwfX0=",
            "dependencies": [
              "aws_iam_instance_profile.this",
              "aws_iam_role.this",
              "aws_launch_template.this",
              "aws_s3_bucket.this",
              "aws_security_group.ec2",
              "aws_subnet.public",
              "aws_vpc.this",
              "data.aws_ami.amazon_linux",
              "data.aws_availability_zones.eu_west_2",
              "data.aws_iam_policy_document.assume_role"
            ]
          }
        ]
      },
      {
        "mode": "managed",
        "type": "aws_iam_instance_profile",
        "name": "this",
        "provider": "provider[\"registry.terraform.io/hashicorp/aws\"]",
        "instances": [
          {
            "schema_version": 0,
            "attributes": {
              "arn": "arn:aws:iam::848268827426:instance-profile/mvws920230317205914734300000004",
              "create_date": "2023-03-17T20:59:14Z",
              "id": "mvws920230317205914734300000004",
              "name": "mvws920230317205914734300000004",
              "name_prefix": "mvws9",
              "path": "/",
              "role": "mvws920230317205914524700000001",
              "tags": {},
              "tags_all": {},
              "unique_id": "AIPA4LAGDDMRMQ7TM4PI2"
            },
            "sensitive_attributes": [],
            "private": "bnVsbA==",
            "dependencies": [
              "aws_iam_role.this",
              "data.aws_iam_policy_document.assume_role"
            ]
          }
        ]
      },
      {
        "mode": "managed",
        "type": "aws_iam_policy",
        "name": "this",
        "provider": "provider[\"registry.terraform.io/hashicorp/aws\"]",
        "instances": [
          {
            "schema_version": 0,
            "attributes": {
              "arn": "arn:aws:iam::848268827426:policy/mvws920230317205914525500000002",
              "description": "",
              "id": "arn:aws:iam::848268827426:policy/mvws920230317205914525500000002",
              "name": "mvws920230317205914525500000002",
              "name_prefix": "mvws9",
              "path": "/",
              "policy": "{\"Statement\":[{\"Action\":\"s3:*\",\"Effect\":\"Allow\",\"Resource\":\"arn:aws:s3:::*\",\"Sid\":\"\"}],\"Version\":\"2012-10-17\"}",
              "policy_id": "ANPA4LAGDDMRCYMSOA7TY",
              "tags": {
                "Name": "multiverse"
              },
              "tags_all": {
                "Name": "multiverse"
              }
            },
            "sensitive_attributes": [],
            "private": "bnVsbA==",
            "dependencies": [
              "data.aws_iam_policy_document.ec2"
            ]
          }
        ]
      },
      {
        "mode": "managed",
        "type": "aws_iam_policy_attachment",
        "name": "this",
        "provider": "provider[\"registry.terraform.io/hashicorp/aws\"]",
        "instances": [
          {
            "schema_version": 0,
            "attributes": {
              "groups": [],
              "id": "mvws9",
              "name": "mvws9",
              "policy_arn": "arn:aws:iam::848268827426:policy/mvws920230317205914525500000002",
              "roles": [
                "mvws920230317205914524700000001"
              ],
              "users": []
            },
            "sensitive_attributes": [],
            "private": "bnVsbA==",
            "dependencies": [
              "aws_iam_policy.this",
              "aws_iam_role.this",
              "data.aws_iam_policy_document.assume_role",
              "data.aws_iam_policy_document.ec2"
            ]
          }
        ]
      },
      {
        "mode": "managed",
        "type": "aws_iam_role",
        "name": "this",
        "provider": "provider[\"registry.terraform.io/hashicorp/aws\"]",
        "instances": [
          {
            "schema_version": 0,
            "attributes": {
              "arn": "arn:aws:iam::848268827426:role/mvws920230317205914524700000001",
              "assume_role_policy": "{\"Statement\":[{\"Action\":\"sts:AssumeRole\",\"Effect\":\"Allow\",\"Principal\":{\"Service\":\"ec2.amazonaws.com\"},\"Sid\":\"\"}],\"Version\":\"2012-10-17\"}",
              "create_date": "2023-03-17T20:59:14Z",
              "description": "",
              "force_detach_policies": false,
              "id": "mvws920230317205914524700000001",
              "inline_policy": [],
              "managed_policy_arns": [
                "arn:aws:iam::848268827426:policy/mvws920230317205914525500000002"
              ],
              "max_session_duration": 3600,
              "name": "mvws920230317205914524700000001",
              "name_prefix": "mvws9",
              "path": "/",
              "permissions_boundary": null,
              "tags": {
                "Name": "multiverse"
              },
              "tags_all": {
                "Name": "multiverse"
              },
              "unique_id": "AROA4LAGDDMRGLP3UZ67Y"
            },
            "sensitive_attributes": [],
            "private": "bnVsbA==",
            "dependencies": [
              "data.aws_iam_policy_document.assume_role"
            ]
          }
        ]
      },
      {
        "mode": "managed",
        "type": "aws_internet_gateway",
        "name": "this",
        "provider": "provider[\"registry.terraform.io/hashicorp/aws\"]",
        "instances": [
          {
            "schema_version": 0,
            "attributes": {
              "arn": "arn:aws:ec2:eu-west-2:848268827426:internet-gateway/igw-02d4e7ec17fff654f",
              "id": "igw-02d4e7ec17fff654f",
              "owner_id": "848268827426",
              "tags": {
                "Name": "multiverse"
              },
              "tags_all": {
                "Name": "multiverse"
              },
              "timeouts": null,
              "vpc_id": "vpc-0f881cf0d932bda3f"
            },
            "sensitive_attributes": [],
            "private": "eyJlMmJmYjczMC1lY2FhLTExZTYtOGY4OC0zNDM2M2JjN2M0YzAiOnsiY3JlYXRlIjoxMjAwMDAwMDAwMDAwLCJkZWxldGUiOjEyMDAwMDAwMDAwMDAsInVwZGF0ZSI6MTIwMDAwMDAwMDAwMH19",
            "dependencies": [
              "aws_vpc.this"
            ]
          }
        ]
      },
      {
        "mode": "managed",
        "type": "aws_launch_template",
        "name": "this",
        "provider": "provider[\"registry.terraform.io/hashicorp/aws\"]",
        "instances": [
          {
            "schema_version": 0,
            "attributes": {
              "arn": "arn:aws:ec2:eu-west-2:848268827426:launch-template/lt-060a52854dd8b38fe",
              "block_device_mappings": [],
              "capacity_reservation_specification": [],
              "cpu_options": [],
              "credit_specification": [],
              "default_version": 3,
              "description": "",
              "disable_api_stop": false,
              "disable_api_termination": false,
              "ebs_optimized": "",
              "elastic_gpu_specifications": [],
              "elastic_inference_accelerator": [],
              "enclave_options": [],
              "hibernation_options": [],
              "iam_instance_profile": [
                {
                  "arn": "arn:aws:iam::848268827426:instance-profile/mvws920230317205914734300000004",
                  "name": ""
                }
              ],
              "id": "lt-060a52854dd8b38fe",
              "image_id": "ami-02b9b693377a07477",
              "instance_initiated_shutdown_behavior": "",
              "instance_market_options": [],
              "instance_requirements": [],
              "instance_type": "t3.micro",
              "kernel_id": "",
              "key_name": "",
              "latest_version": 3,
              "license_specification": [],
              "maintenance_options": [],
              "metadata_options": [],
              "monitoring": [],
              "name": "mvws92023031720592957900000000a",
              "name_prefix": "mvws9",
              "network_interfaces": [
                {
                  "associate_carrier_ip_address": "",
                  "associate_public_ip_address": "true",
                  "delete_on_termination": "",
                  "description": "",
                  "device_index": 0,
                  "interface_type": "",
                  "ipv4_address_count": 0,
                  "ipv4_addresses": [],
                  "ipv4_prefix_count": 0,
                  "ipv4_prefixes": [],
                  "ipv6_address_count": 0,
                  "ipv6_addresses": [],
                  "ipv6_prefix_count": 0,
                  "ipv6_prefixes": [],
                  "network_card_index": 0,
                  "network_interface_id": "",
                  "private_ip_address": "",
                  "security_groups": [
                    "sg-09ed585d2a3ee7bfd"
                  ],
                  "subnet_id": ""
                }
              ],
              "placement": [],
              "private_dns_name_options": [],
              "ram_disk_id": "",
              "security_group_names": [],
              "tag_specifications": [],
              "tags": {},
              "tags_all": {},
              "update_default_version": true,
              "user_data": "IyEvYmluL2Jhc2ggLXhlCnl1bSB1cGRhdGUgLXkKeXVtIGluc3RhbGwgLXkgdW56aXAKYW1hem9uLWxpbnV4LWV4dHJhcyBlbmFibGUgbmdpbngxIHB5dGhvbjMKeXVtIGNsZWFuIG1ldGFkYXRhCnl1bSBpbnN0YWxsIC15IG5naW54IHB5dGhvbjMKc3lzdGVtY3RsIGVuYWJsZSBuZ2lueApzeXN0ZW1jdGwgc3RhcnQgbmdpbngKY2F0IDw8RU9UID4gL3Vzci9zaGFyZS9uZ2lueC9odG1sL2luZGV4Lmh0bWwKPGh0bWw+CiAgICA8aGVhZD4KICAgICAgICA8dGl0bGU+RGV2T3BzIFdvcmtzaG9wIDk8L3RpdGxlPgogICAgICAgIDxsaW5rIHJlbD0iaWNvbiIgdHlwZT0iaW1hZ2Uvc3ZnK3htbCIgc2l6ZXM9ImFueSIKICAgICAgICBocmVmPSJodHRwczovL211bHRpdmVyc2UuaW8vZmF2aWNvbi5zdmciPgogICAgICAgIDxzdHlsZT4KICAgICAgICAgICAgaHRtbCB7CiAgICAgICAgICAgIGJhY2tncm91bmQ6IzI0MjQ1NzsKICAgICAgICAgICAgY29sb3I6I2ZmZjsKICAgICAgICAgICAgdGV4dC1hbGlnbjpjZW50ZXI7CiAgICAgICAgICAgIGZvbnQtd2VpZ2h0OjgwMDsKICAgICAgICAgICAgZm9udC1zaXplOjEuNXJlbTsKICAgICAgICAgICAgbWFyZ2luOiAxLjVyZW07CiAgICAgICAgICAgIH0KICAgICAgICA8L3N0eWxlPgogICAgPC9oZWFkPgogICAgPGJvZHk+CiAgICAgICAgPHA+SGVsbG8gZnJvbSB0aGUgTXVsdGl2ZXJzZSBEZXZPcHMgTW9kdWxlIFdvcmtzaG9wIDkhPC9wPgogICAgPC9ib2R5Pgo8L2h0bWw+CkVPVApta2RpciAtcCAvcm9vdC8uYXdzCmNhdCA8PEVPVCA+PiAvcm9vdC8uYXdzL2NvbmZpZwpbZGVmYXVsdF0KcmVnaW9uID0gZXUtd2VzdC0yCkVPVApjYXQgPDxFT1QgPj4gL3Jvb3QvbXZ3czkuc2gKIyEvYmluL2Jhc2gKcm0gLXJmIC9yb290L2NvZGUKbWtkaXIgLXAgL3Jvb3QvY29kZQphd3MgczMgY3AgczM6Ly9tdndzOS1zYXJhaC1rMjAyMzAzMTcyMDU5MTQ1MzA3MDAwMDAwMDMvY29kZS56aXAgL3RtcC9jb2RlLnppcAp1bnppcCAvdG1wL2NvZGUuemlwIC1kIC9yb290L2NvZGUvCmF3cyBzMyBjcCBzMzovL212d3M5LXNhcmFoLWsyMDIzMDMxNzIwNTkxNDUzMDcwMDAwMDAwMy9yZXN1bHRzLmNzdiAvcm9vdC9jb2RlL3Jlc3VsdHMuY3N2CnB5dGhvbjMgL3Jvb3QvY29kZS9tYWluLnB5CmVjaG8gaGVsbG8gPiAvcm9vdC9jb2RlL3Jlc3VsdHMudHh0CmF3cyBzMyBjcCAvcm9vdC9jb2RlL3Jlc3VsdHMudHh0IHMzOi8vbXZ3czktc2FyYWgtazIwMjMwMzE3MjA1OTE0NTMwNzAwMDAwMDAzL3Jlc3VsdHMudHh0CkVPVApjYXQgPDxFT1QgPj4gL2V0Yy9jcm9uLmQvbXZ3czkKKiAqICogKiAqIHJvb3QgL2Jpbi9iYXNoIC9yb290L212d3M5LnNoCkVPVA==",
              "vpc_security_group_ids": []
            },
            "sensitive_attributes": [],
            "private": "bnVsbA==",
            "dependencies": [
              "aws_iam_instance_profile.this",
              "aws_s3_bucket.this",
              "aws_security_group.ec2",
              "data.aws_ami.amazon_linux"
            ]
          }
        ]
      },
      {
        "mode": "managed",
        "type": "aws_lb",
        "name": "this",
        "provider": "provider[\"registry.terraform.io/hashicorp/aws\"]",
        "instances": [
          {
            "schema_version": 0,
            "attributes": {
              "access_logs": [
                {
                  "bucket": "",
                  "enabled": false,
                  "prefix": ""
                }
              ],
              "arn": "arn:aws:elasticloadbalancing:eu-west-2:848268827426:loadbalancer/app/mvws920230317205929538000000009/f5d968784c62c974",
              "arn_suffix": "app/mvws920230317205929538000000009/f5d968784c62c974",
              "customer_owned_ipv4_pool": "",
              "desync_mitigation_mode": "defensive",
              "dns_name": "mvws920230317205929538000000009-383949910.eu-west-2.elb.amazonaws.com",
              "drop_invalid_header_fields": false,
              "enable_cross_zone_load_balancing": true,
              "enable_deletion_protection": false,
              "enable_http2": true,
              "enable_tls_version_and_cipher_suite_headers": false,
              "enable_waf_fail_open": false,
              "enable_xff_client_port": false,
              "id": "arn:aws:elasticloadbalancing:eu-west-2:848268827426:loadbalancer/app/mvws920230317205929538000000009/f5d968784c62c974",
              "idle_timeout": 60,
              "internal": false,
              "ip_address_type": "ipv4",
              "load_balancer_type": "application",
              "name": "mvws920230317205929538000000009",
              "name_prefix": "mvws9",
              "preserve_host_header": false,
              "security_groups": [
                "sg-01dac28fc595dc29d"
              ],
              "subnet_mapping": [
                {
                  "allocation_id": "",
                  "ipv6_address": "",
                  "outpost_id": "",
                  "private_ipv4_address": "",
                  "subnet_id": "subnet-0d8c7645b4bb6df5d"
                },
                {
                  "allocation_id": "",
                  "ipv6_address": "",
                  "outpost_id": "",
                  "private_ipv4_address": "",
                  "subnet_id": "subnet-0fa1cf48ffe70d044"
                }
              ],
              "subnets": [
                "subnet-0d8c7645b4bb6df5d",
                "subnet-0fa1cf48ffe70d044"
              ],
              "tags": {
                "Name": "multiverse"
              },
              "tags_all": {
                "Name": "multiverse"
              },
              "timeouts": null,
              "vpc_id": "vpc-0f881cf0d932bda3f",
              "xff_header_processing_mode": "append",
              "zone_id": "ZHURV8PSTC4K8"
            },
            "sensitive_attributes": [],
            "private": "eyJlMmJmYjczMC1lY2FhLTExZTYtOGY4OC0zNDM2M2JjN2M0YzAiOnsiY3JlYXRlIjo2MDAwMDAwMDAwMDAsImRlbGV0ZSI6NjAwMDAwMDAwMDAwLCJ1cGRhdGUiOjYwMDAwMDAwMDAwMH19",
            "dependencies": [
              "aws_security_group.alb",
              "aws_subnet.public",
              "aws_vpc.this",
              "data.aws_availability_zones.eu_west_2"
            ]
          }
        ]
      },
      {
        "mode": "managed",
        "type": "aws_lb_listener",
        "name": "http",
        "provider": "provider[\"registry.terraform.io/hashicorp/aws\"]",
        "instances": [
          {
            "schema_version": 0,
            "attributes": {
              "alpn_policy": null,
              "arn": "arn:aws:elasticloadbalancing:eu-west-2:848268827426:listener/app/mvws920230317205929538000000009/f5d968784c62c974/edfff892aa42fbe8",
              "certificate_arn": null,
              "default_action": [
                {
                  "authenticate_cognito": [],
                  "authenticate_oidc": [],
                  "fixed_response": [],
                  "forward": [],
                  "order": 1,
                  "redirect": [],
                  "target_group_arn": "arn:aws:elasticloadbalancing:eu-west-2:848268827426:targetgroup/mvws920230317205927431200000008/f2e238574b4a898c",
                  "type": "forward"
                }
              ],
              "id": "arn:aws:elasticloadbalancing:eu-west-2:848268827426:listener/app/mvws920230317205929538000000009/f5d968784c62c974/edfff892aa42fbe8",
              "load_balancer_arn": "arn:aws:elasticloadbalancing:eu-west-2:848268827426:loadbalancer/app/mvws920230317205929538000000009/f5d968784c62c974",
              "port": 80,
              "protocol": "HTTP",
              "ssl_policy": "",
              "tags": {},
              "tags_all": {},
              "timeouts": null
            },
            "sensitive_attributes": [],
            "private": "eyJlMmJmYjczMC1lY2FhLTExZTYtOGY4OC0zNDM2M2JjN2M0YzAiOnsicmVhZCI6NjAwMDAwMDAwMDAwfX0=",
            "dependencies": [
              "aws_lb.this",
              "aws_lb_target_group.http",
              "aws_security_group.alb",
              "aws_subnet.public",
              "aws_vpc.this",
              "data.aws_availability_zones.eu_west_2"
            ]
          }
        ]
      },
      {
        "mode": "managed",
        "type": "aws_lb_target_group",
        "name": "http",
        "provider": "provider[\"registry.terraform.io/hashicorp/aws\"]",
        "instances": [
          {
            "schema_version": 0,
            "attributes": {
              "arn": "arn:aws:elasticloadbalancing:eu-west-2:848268827426:targetgroup/mvws920230317205927431200000008/f2e238574b4a898c",
              "arn_suffix": "targetgroup/mvws920230317205927431200000008/f2e238574b4a898c",
              "connection_termination": false,
              "deregistration_delay": "0",
              "health_check": [
                {
                  "enabled": true,
                  "healthy_threshold": 5,
                  "interval": 30,
                  "matcher": "200",
                  "path": "/",
                  "port": "traffic-port",
                  "protocol": "HTTP",
                  "timeout": 5,
                  "unhealthy_threshold": 2
                }
              ],
              "id": "arn:aws:elasticloadbalancing:eu-west-2:848268827426:targetgroup/mvws920230317205927431200000008/f2e238574b4a898c",
              "ip_address_type": "ipv4",
              "lambda_multi_value_headers_enabled": false,
              "load_balancing_algorithm_type": "round_robin",
              "load_balancing_cross_zone_enabled": "use_load_balancer_configuration",
              "name": "mvws920230317205927431200000008",
              "name_prefix": "mvws9",
              "port": 80,
              "preserve_client_ip": null,
              "protocol": "HTTP",
              "protocol_version": "HTTP1",
              "proxy_protocol_v2": false,
              "slow_start": 0,
              "stickiness": [
                {
                  "cookie_duration": 86400,
                  "cookie_name": "",
                  "enabled": false,
                  "type": "lb_cookie"
                }
              ],
              "tags": {},
              "tags_all": {},
              "target_failover": [
                {
                  "on_deregistration": null,
                  "on_unhealthy": null
                }
              ],
              "target_type": "instance",
              "vpc_id": "vpc-0f881cf0d932bda3f"
            },
            "sensitive_attributes": [],
            "private": "bnVsbA==",
            "dependencies": [
              "aws_vpc.this"
            ]
          }
        ]
      },
      {
        "mode": "managed",
        "type": "aws_route",
        "name": "public",
        "provider": "provider[\"registry.terraform.io/hashicorp/aws\"]",
        "instances": [
          {
            "schema_version": 0,
            "attributes": {
              "carrier_gateway_id": "",
              "core_network_arn": "",
              "destination_cidr_block": "0.0.0.0/0",
              "destination_ipv6_cidr_block": "",
              "destination_prefix_list_id": "",
              "egress_only_gateway_id": "",
              "gateway_id": "igw-02d4e7ec17fff654f",
              "id": "r-rtb-0e39ed738ca4668441080289494",
              "instance_id": "",
              "instance_owner_id": "",
              "local_gateway_id": "",
              "nat_gateway_id": "",
              "network_interface_id": "",
              "origin": "CreateRoute",
              "route_table_id": "rtb-0e39ed738ca466844",
              "state": "active",
              "timeouts": null,
              "transit_gateway_id": "",
              "vpc_endpoint_id": "",
              "vpc_peering_connection_id": ""
            },
            "sensitive_attributes": [],
            "private": "eyJlMmJmYjczMC1lY2FhLTExZTYtOGY4OC0zNDM2M2JjN2M0YzAiOnsiY3JlYXRlIjozMDAwMDAwMDAwMDAsImRlbGV0ZSI6MzAwMDAwMDAwMDAwLCJ1cGRhdGUiOjEyMDAwMDAwMDAwMH19",
            "dependencies": [
              "aws_internet_gateway.this",
              "aws_route_table.public",
              "aws_vpc.this"
            ]
          }
        ]
      },
      {
        "mode": "managed",
        "type": "aws_route_table",
        "name": "public",
        "provider": "provider[\"registry.terraform.io/hashicorp/aws\"]",
        "instances": [
          {
            "schema_version": 0,
            "attributes": {
              "arn": "arn:aws:ec2:eu-west-2:848268827426:route-table/rtb-0e39ed738ca466844",
              "id": "rtb-0e39ed738ca466844",
              "owner_id": "848268827426",
              "propagating_vgws": [],
              "route": [
                {
                  "carrier_gateway_id": "",
                  "cidr_block": "0.0.0.0/0",
                  "core_network_arn": "",
                  "destination_prefix_list_id": "",
                  "egress_only_gateway_id": "",
                  "gateway_id": "igw-02d4e7ec17fff654f",
                  "instance_id": "",
                  "ipv6_cidr_block": "",
                  "local_gateway_id": "",
                  "nat_gateway_id": "",
                  "network_interface_id": "",
                  "transit_gateway_id": "",
                  "vpc_endpoint_id": "",
                  "vpc_peering_connection_id": ""
                }
              ],
              "tags": {
                "Name": "multiverse-public"
              },
              "tags_all": {
                "Name": "multiverse-public"
              },
              "timeouts": null,
              "vpc_id": "vpc-0f881cf0d932bda3f"
            },
            "sensitive_attributes": [],
            "private": "eyJlMmJmYjczMC1lY2FhLTExZTYtOGY4OC0zNDM2M2JjN2M0YzAiOnsiY3JlYXRlIjozMDAwMDAwMDAwMDAsImRlbGV0ZSI6MzAwMDAwMDAwMDAwLCJ1cGRhdGUiOjEyMDAwMDAwMDAwMH19",
            "dependencies": [
              "aws_vpc.this"
            ]
          }
        ]
      },
      {
        "mode": "managed",
        "type": "aws_route_table_association",
        "name": "public",
        "provider": "provider[\"registry.terraform.io/hashicorp/aws\"]",
        "instances": [
          {
            "index_key": "1",
            "schema_version": 0,
            "attributes": {
              "gateway_id": "",
              "id": "rtbassoc-04db782c472537b66",
              "route_table_id": "rtb-0e39ed738ca466844",
              "subnet_id": "subnet-0d8c7645b4bb6df5d"
            },
            "sensitive_attributes": [],
            "private": "bnVsbA==",
            "dependencies": [
              "aws_route_table.public",
              "aws_subnet.public",
              "aws_vpc.this",
              "data.aws_availability_zones.eu_west_2"
            ]
          },
          {
            "index_key": "2",
            "schema_version": 0,
            "attributes": {
              "gateway_id": "",
              "id": "rtbassoc-02a8c891620d0975f",
              "route_table_id": "rtb-0e39ed738ca466844",
              "subnet_id": "subnet-0fa1cf48ffe70d044"
            },
            "sensitive_attributes": [],
            "private": "bnVsbA==",
            "dependencies": [
              "aws_route_table.public",
              "aws_subnet.public",
              "aws_vpc.this",
              "data.aws_availability_zones.eu_west_2"
            ]
          }
        ]
      },
      {
        "mode": "managed",
        "type": "aws_s3_bucket",
        "name": "this",
        "provider": "provider[\"registry.terraform.io/hashicorp/aws\"]",
        "instances": [
          {
            "schema_version": 0,
            "attributes": {
              "acceleration_status": "",
              "acl": null,
              "arn": "arn:aws:s3:::mvws9-sarah-k20230317205914530700000003",
              "bucket": "mvws9-sarah-k20230317205914530700000003",
              "bucket_domain_name": "mvws9-sarah-k20230317205914530700000003.s3.amazonaws.com",
              "bucket_prefix": "mvws9-sarah-k",
              "bucket_regional_domain_name": "mvws9-sarah-k20230317205914530700000003.s3.eu-west-2.amazonaws.com",
              "cors_rule": [],
              "force_destroy": true,
              "grant": [
                {
                  "id": "f97024f6cfcdb2eb17bb6b63528ad5c2ed57b8ff9083bb9ac8e5f98d1f491b3a",
                  "permissions": [
                    "FULL_CONTROL"
                  ],
                  "type": "CanonicalUser",
                  "uri": ""
                }
              ],
              "hosted_zone_id": "Z3GKZC51ZF0DB4",
              "id": "mvws9-sarah-k20230317205914530700000003",
              "lifecycle_rule": [],
              "logging": [],
              "object_lock_configuration": [],
              "object_lock_enabled": false,
              "policy": "",
              "region": "eu-west-2",
              "replication_configuration": [],
              "request_payer": "BucketOwner",
              "server_side_encryption_configuration": [
                {
                  "rule": [
                    {
                      "apply_server_side_encryption_by_default": [
                        {
                          "kms_master_key_id": "",
                          "sse_algorithm": "AES256"
                        }
                      ],
                      "bucket_key_enabled": false
                    }
                  ]
                }
              ],
              "tags": {
                "Name": "multiverse"
              },
              "tags_all": {
                "Name": "multiverse"
              },
              "timeouts": null,
              "versioning": [
                {
                  "enabled": false,
                  "mfa_delete": false
                }
              ],
              "website": [],
              "website_domain": null,
              "website_endpoint": null
            },
            "sensitive_attributes": [],
            "private": "eyJlMmJmYjczMC1lY2FhLTExZTYtOGY4OC0zNDM2M2JjN2M0YzAiOnsiY3JlYXRlIjoxMjAwMDAwMDAwMDAwLCJkZWxldGUiOjM2MDAwMDAwMDAwMDAsInJlYWQiOjEyMDAwMDAwMDAwMDAsInVwZGF0ZSI6MTIwMDAwMDAwMDAwMH19"
          }
        ]
      },
      {
        "mode": "managed",
        "type": "aws_s3_bucket_acl",
        "name": "this",
        "provider": "provider[\"registry.terraform.io/hashicorp/aws\"]",
        "instances": [
          {
            "schema_version": 0,
            "attributes": {
              "access_control_policy": [
                {
                  "grant": [
                    {
                      "grantee": [
                        {
                          "display_name": "",
                          "email_address": "",
                          "id": "f97024f6cfcdb2eb17bb6b63528ad5c2ed57b8ff9083bb9ac8e5f98d1f491b3a",
                          "type": "CanonicalUser",
                          "uri": ""
                        }
                      ],
                      "permission": "FULL_CONTROL"
                    }
                  ],
                  "owner": [
                    {
                      "display_name": "",
                      "id": "f97024f6cfcdb2eb17bb6b63528ad5c2ed57b8ff9083bb9ac8e5f98d1f491b3a"
                    }
                  ]
                }
              ],
              "acl": "private",
              "bucket": "mvws9-sarah-k20230317205914530700000003",
              "expected_bucket_owner": "",
              "id": "mvws9-sarah-k20230317205914530700000003,private"
            },
            "sensitive_attributes": [],
            "private": "bnVsbA==",
            "dependencies": [
              "aws_s3_bucket.this"
            ]
          }
        ]
      },
      {
        "mode": "managed",
        "type": "aws_s3_object",
        "name": "this",
        "provider": "provider[\"registry.terraform.io/hashicorp/aws\"]",
        "instances": [
          {
            "schema_version": 0,
            "attributes": {
              "acl": "private",
              "bucket": "mvws9-sarah-k20230317205914530700000003",
              "bucket_key_enabled": false,
              "cache_control": "",
              "content": null,
              "content_base64": null,
              "content_disposition": "",
              "content_encoding": "",
              "content_language": "",
              "content_type": "binary/octet-stream",
              "etag": "f2b1d12d5cbcee7cc8ada5b36f3b30d5",
              "force_destroy": false,
              "id": "results.csv",
              "key": "results.csv",
              "kms_key_id": null,
              "metadata": {},
              "object_lock_legal_hold_status": "",
              "object_lock_mode": "",
              "object_lock_retain_until_date": "",
              "server_side_encryption": "AES256",
              "source": "./results.csv",
              "source_hash": null,
              "storage_class": "STANDARD",
              "tags": {},
              "tags_all": {},
              "version_id": "",
              "website_redirect": ""
            },
            "sensitive_attributes": [],
            "private": "bnVsbA==",
            "dependencies": [
              "aws_s3_bucket.this"
            ]
          }
        ]
      },
      {
        "mode": "managed",
        "type": "aws_security_group",
        "name": "alb",
        "provider": "provider[\"registry.terraform.io/hashicorp/aws\"]",
        "instances": [
          {
            "schema_version": 1,
            "attributes": {
              "arn": "arn:aws:ec2:eu-west-2:848268827426:security-group/sg-01dac28fc595dc29d",
              "description": "Managed by Terraform",
              "egress": [
                {
                  "cidr_blocks": [],
                  "description": "",
                  "from_port": 80,
                  "ipv6_cidr_blocks": [],
                  "prefix_list_ids": [],
                  "protocol": "tcp",
                  "security_groups": [
                    "sg-09ed585d2a3ee7bfd"
                  ],
                  "self": false,
                  "to_port": 80
                }
              ],
              "id": "sg-01dac28fc595dc29d",
              "ingress": [
                {
                  "cidr_blocks": [
                    "0.0.0.0/0"
                  ],
                  "description": "",
                  "from_port": 80,
                  "ipv6_cidr_blocks": [],
                  "prefix_list_ids": [],
                  "protocol": "tcp",
                  "security_groups": [],
                  "self": false,
                  "to_port": 80
                }
              ],
              "name": "mvws9-alb20230317205927428600000007",
              "name_prefix": "mvws9-alb",
              "owner_id": "848268827426",
              "revoke_rules_on_delete": true,
              "tags": {
                "Name": "multiverse-alb"
              },
              "tags_all": {
                "Name": "multiverse-alb"
              },
              "timeouts": null,
              "vpc_id": "vpc-0f881cf0d932bda3f"
            },
            "sensitive_attributes": [],
            "private": "eyJlMmJmYjczMC1lY2FhLTExZTYtOGY4OC0zNDM2M2JjN2M0YzAiOnsiY3JlYXRlIjo2MDAwMDAwMDAwMDAsImRlbGV0ZSI6OTAwMDAwMDAwMDAwfSwic2NoZW1hX3ZlcnNpb24iOiIxIn0=",
            "dependencies": [
              "aws_vpc.this"
            ]
          }
        ]
      },
      {
        "mode": "managed",
        "type": "aws_security_group",
        "name": "ec2",
        "provider": "provider[\"registry.terraform.io/hashicorp/aws\"]",
        "instances": [
          {
            "schema_version": 1,
            "attributes": {
              "arn": "arn:aws:ec2:eu-west-2:848268827426:security-group/sg-09ed585d2a3ee7bfd",
              "description": "Managed by Terraform",
              "egress": [
                {
                  "cidr_blocks": [
                    "0.0.0.0/0"
                  ],
                  "description": "",
                  "from_port": 0,
                  "ipv6_cidr_blocks": [],
                  "prefix_list_ids": [],
                  "protocol": "tcp",
                  "security_groups": [],
                  "self": false,
                  "to_port": 65535
                }
              ],
              "id": "sg-09ed585d2a3ee7bfd",
              "ingress": [
                {
                  "cidr_blocks": [],
                  "description": "",
                  "from_port": 80,
                  "ipv6_cidr_blocks": [],
                  "prefix_list_ids": [],
                  "protocol": "tcp",
                  "security_groups": [
                    "sg-01dac28fc595dc29d"
                  ],
                  "self": false,
                  "to_port": 80
                }
              ],
              "name": "mvws9-ec220230317205927428000000006",
              "name_prefix": "mvws9-ec2",
              "owner_id": "848268827426",
              "revoke_rules_on_delete": true,
              "tags": {
                "Name": "multiverse-ec2"
              },
              "tags_all": {
                "Name": "multiverse-ec2"
              },
              "timeouts": null,
              "vpc_id": "vpc-0f881cf0d932bda3f"
            },
            "sensitive_attributes": [],
            "private": "eyJlMmJmYjczMC1lY2FhLTExZTYtOGY4OC0zNDM2M2JjN2M0YzAiOnsiY3JlYXRlIjo2MDAwMDAwMDAwMDAsImRlbGV0ZSI6OTAwMDAwMDAwMDAwfSwic2NoZW1hX3ZlcnNpb24iOiIxIn0=",
            "dependencies": [
              "aws_vpc.this"
            ]
          }
        ]
      },
      {
        "mode": "managed",
        "type": "aws_security_group_rule",
        "name": "alb_from_web_ingress",
        "provider": "provider[\"registry.terraform.io/hashicorp/aws\"]",
        "instances": [
          {
            "schema_version": 2,
            "attributes": {
              "cidr_blocks": [
                "0.0.0.0/0"
              ],
              "description": "",
              "from_port": 80,
              "id": "sgrule-691881340",
              "ipv6_cidr_blocks": null,
              "prefix_list_ids": null,
              "protocol": "tcp",
              "security_group_id": "sg-01dac28fc595dc29d",
              "security_group_rule_id": "sgr-077814cc93c457876",
              "self": false,
              "source_security_group_id": null,
              "timeouts": null,
              "to_port": 80,
              "type": "ingress"
            },
            "sensitive_attributes": [],
            "private": "eyJlMmJmYjczMC1lY2FhLTExZTYtOGY4OC0zNDM2M2JjN2M0YzAiOnsiY3JlYXRlIjozMDAwMDAwMDAwMDB9LCJzY2hlbWFfdmVyc2lvbiI6IjIifQ==",
            "dependencies": [
              "aws_security_group.alb",
              "aws_vpc.this"
            ]
          }
        ]
      },
      {
        "mode": "managed",
        "type": "aws_security_group_rule",
        "name": "alb_to_ec2_egress",
        "provider": "provider[\"registry.terraform.io/hashicorp/aws\"]",
        "instances": [
          {
            "schema_version": 2,
            "attributes": {
              "cidr_blocks": null,
              "description": "",
              "from_port": 80,
              "id": "sgrule-4273578062",
              "ipv6_cidr_blocks": null,
              "prefix_list_ids": null,
              "protocol": "tcp",
              "security_group_id": "sg-01dac28fc595dc29d",
              "security_group_rule_id": "sgr-0dbdf15685e86bba2",
              "self": false,
              "source_security_group_id": "sg-09ed585d2a3ee7bfd",
              "timeouts": null,
              "to_port": 80,
              "type": "egress"
            },
            "sensitive_attributes": [],
            "private": "eyJlMmJmYjczMC1lY2FhLTExZTYtOGY4OC0zNDM2M2JjN2M0YzAiOnsiY3JlYXRlIjozMDAwMDAwMDAwMDB9LCJzY2hlbWFfdmVyc2lvbiI6IjIifQ==",
            "dependencies": [
              "aws_security_group.alb",
              "aws_security_group.ec2",
              "aws_vpc.this"
            ]
          }
        ]
      },
      {
        "mode": "managed",
        "type": "aws_security_group_rule",
        "name": "ec2_from_alb_ingress",
        "provider": "provider[\"registry.terraform.io/hashicorp/aws\"]",
        "instances": [
          {
            "schema_version": 2,
            "attributes": {
              "cidr_blocks": null,
              "description": "",
              "from_port": 80,
              "id": "sgrule-1413084859",
              "ipv6_cidr_blocks": null,
              "prefix_list_ids": null,
              "protocol": "tcp",
              "security_group_id": "sg-09ed585d2a3ee7bfd",
              "security_group_rule_id": "sgr-0ce2c53bbddb7f75f",
              "self": false,
              "source_security_group_id": "sg-01dac28fc595dc29d",
              "timeouts": null,
              "to_port": 80,
              "type": "ingress"
            },
            "sensitive_attributes": [],
            "private": "eyJlMmJmYjczMC1lY2FhLTExZTYtOGY4OC0zNDM2M2JjN2M0YzAiOnsiY3JlYXRlIjozMDAwMDAwMDAwMDB9LCJzY2hlbWFfdmVyc2lvbiI6IjIifQ==",
            "dependencies": [
              "aws_security_group.alb",
              "aws_security_group.ec2",
              "aws_vpc.this"
            ]
          }
        ]
      },
      {
        "mode": "managed",
        "type": "aws_security_group_rule",
        "name": "ec2_to_web_egress",
        "provider": "provider[\"registry.terraform.io/hashicorp/aws\"]",
        "instances": [
          {
            "schema_version": 2,
            "attributes": {
              "cidr_blocks": [
                "0.0.0.0/0"
              ],
              "description": "",
              "from_port": 0,
              "id": "sgrule-2391503795",
              "ipv6_cidr_blocks": null,
              "prefix_list_ids": null,
              "protocol": "tcp",
              "security_group_id": "sg-09ed585d2a3ee7bfd",
              "security_group_rule_id": "sgr-087135619f241f9d4",
              "self": false,
              "source_security_group_id": null,
              "timeouts": null,
              "to_port": 65535,
              "type": "egress"
            },
            "sensitive_attributes": [],
            "private": "eyJlMmJmYjczMC1lY2FhLTExZTYtOGY4OC0zNDM2M2JjN2M0YzAiOnsiY3JlYXRlIjozMDAwMDAwMDAwMDB9LCJzY2hlbWFfdmVyc2lvbiI6IjIifQ==",
            "dependencies": [
              "aws_security_group.ec2",
              "aws_vpc.this"
            ]
          }
        ]
      },
      {
        "mode": "managed",
        "type": "aws_subnet",
        "name": "public",
        "provider": "provider[\"registry.terraform.io/hashicorp/aws\"]",
        "instances": [
          {
            "index_key": "1",
            "schema_version": 1,
            "attributes": {
              "arn": "arn:aws:ec2:eu-west-2:848268827426:subnet/subnet-0d8c7645b4bb6df5d",
              "assign_ipv6_address_on_creation": false,
              "availability_zone": "eu-west-2b",
              "availability_zone_id": "euw2-az3",
              "cidr_block": "10.0.1.0/24",
              "customer_owned_ipv4_pool": "",
              "enable_dns64": false,
              "enable_resource_name_dns_a_record_on_launch": false,
              "enable_resource_name_dns_aaaa_record_on_launch": false,
              "id": "subnet-0d8c7645b4bb6df5d",
              "ipv6_cidr_block": "",
              "ipv6_cidr_block_association_id": "",
              "ipv6_native": false,
              "map_customer_owned_ip_on_launch": false,
              "map_public_ip_on_launch": false,
              "outpost_arn": "",
              "owner_id": "848268827426",
              "private_dns_hostname_type_on_launch": "ip-name",
              "tags": {
                "Name": "multiverse-1"
              },
              "tags_all": {
                "Name": "multiverse-1"
              },
              "timeouts": null,
              "vpc_id": "vpc-0f881cf0d932bda3f"
            },
            "sensitive_attributes": [],
            "private": "eyJlMmJmYjczMC1lY2FhLTExZTYtOGY4OC0zNDM2M2JjN2M0YzAiOnsiY3JlYXRlIjo2MDAwMDAwMDAwMDAsImRlbGV0ZSI6MTIwMDAwMDAwMDAwMH0sInNjaGVtYV92ZXJzaW9uIjoiMSJ9",
            "dependencies": [
              "aws_vpc.this",
              "data.aws_availability_zones.eu_west_2"
            ]
          },
          {
            "index_key": "2",
            "schema_version": 1,
            "attributes": {
              "arn": "arn:aws:ec2:eu-west-2:848268827426:subnet/subnet-0fa1cf48ffe70d044",
              "assign_ipv6_address_on_creation": false,
              "availability_zone": "eu-west-2c",
              "availability_zone_id": "euw2-az1",
              "cidr_block": "10.0.2.0/24",
              "customer_owned_ipv4_pool": "",
              "enable_dns64": false,
              "enable_resource_name_dns_a_record_on_launch": false,
              "enable_resource_name_dns_aaaa_record_on_launch": false,
              "id": "subnet-0fa1cf48ffe70d044",
              "ipv6_cidr_block": "",
              "ipv6_cidr_block_association_id": "",
              "ipv6_native": false,
              "map_customer_owned_ip_on_launch": false,
              "map_public_ip_on_launch": false,
              "outpost_arn": "",
              "owner_id": "848268827426",
              "private_dns_hostname_type_on_launch": "ip-name",
              "tags": {
                "Name": "multiverse-2"
              },
              "tags_all": {
                "Name": "multiverse-2"
              },
              "timeouts": null,
              "vpc_id": "vpc-0f881cf0d932bda3f"
            },
            "sensitive_attributes": [],
            "private": "eyJlMmJmYjczMC1lY2FhLTExZTYtOGY4OC0zNDM2M2JjN2M0YzAiOnsiY3JlYXRlIjo2MDAwMDAwMDAwMDAsImRlbGV0ZSI6MTIwMDAwMDAwMDAwMH0sInNjaGVtYV92ZXJzaW9uIjoiMSJ9",
            "dependencies": [
              "aws_vpc.this",
              "data.aws_availability_zones.eu_west_2"
            ]
          }
        ]
      },
      {
        "mode": "managed",
        "type": "aws_vpc",
        "name": "this",
        "provider": "provider[\"registry.terraform.io/hashicorp/aws\"]",
        "instances": [
          {
            "schema_version": 1,
            "attributes": {
              "arn": "arn:aws:ec2:eu-west-2:848268827426:vpc/vpc-0f881cf0d932bda3f",
              "assign_generated_ipv6_cidr_block": false,
              "cidr_block": "10.0.0.0/16",
              "default_network_acl_id": "acl-05cce74b6c3ca0494",
              "default_route_table_id": "rtb-0175ba2bf31c57d3d",
              "default_security_group_id": "sg-0e0cc34d60060094d",
              "dhcp_options_id": "dopt-0a9694a6d8dc36a52",
              "enable_classiclink": false,
              "enable_classiclink_dns_support": false,
              "enable_dns_hostnames": true,
              "enable_dns_support": true,
              "enable_network_address_usage_metrics": false,
              "id": "vpc-0f881cf0d932bda3f",
              "instance_tenancy": "default",
              "ipv4_ipam_pool_id": null,
              "ipv4_netmask_length": null,
              "ipv6_association_id": "",
              "ipv6_cidr_block": "",
              "ipv6_cidr_block_network_border_group": "",
              "ipv6_ipam_pool_id": "",
              "ipv6_netmask_length": 0,
              "main_route_table_id": "rtb-0175ba2bf31c57d3d",
              "owner_id": "848268827426",
              "tags": {
                "Name": "multiverse"
              },
              "tags_all": {
                "Name": "multiverse"
              }
            },
            "sensitive_attributes": [],
            "private": "eyJzY2hlbWFfdmVyc2lvbiI6IjEifQ=="
          }
        ]
      },
      {
        "mode": "managed",
        "type": "aws_vpc_endpoint",
        "name": "s3",
        "provider": "provider[\"registry.terraform.io/hashicorp/aws\"]",
        "instances": [
          {
            "schema_version": 0,
            "attributes": {
              "arn": "arn:aws:ec2:eu-west-2:848268827426:vpc-endpoint/vpce-0c9dca669692abe45",
              "auto_accept": null,
              "cidr_blocks": [
                "52.95.150.0/24",
                "52.95.191.0/24",
                "52.95.142.0/23",
                "16.12.16.0/23",
                "3.5.244.0/22",
                "52.219.219.0/24",
                "52.95.144.0/24",
                "52.95.148.0/23",
                "16.12.15.0/24"
              ],
              "dns_entry": [],
              "dns_options": [],
              "id": "vpce-0c9dca669692abe45",
              "ip_address_type": "",
              "network_interface_ids": [],
              "owner_id": "848268827426",
              "policy": "{\"Statement\":[{\"Action\":\"*\",\"Effect\":\"Allow\",\"Principal\":\"*\",\"Resource\":\"*\"}],\"Version\":\"2008-10-17\"}",
              "prefix_list_id": "pl-7ca54015",
              "private_dns_enabled": false,
              "requester_managed": false,
              "route_table_ids": [
                "rtb-0e39ed738ca466844"
              ],
              "security_group_ids": [],
              "service_name": "com.amazonaws.eu-west-2.s3",
              "state": "available",
              "subnet_ids": [],
              "tags": {
                "Name": "multiverse"
              },
              "tags_all": {
                "Name": "multiverse"
              },
              "timeouts": null,
              "vpc_endpoint_type": "Gateway",
              "vpc_id": "vpc-0f881cf0d932bda3f"
            },
            "sensitive_attributes": [],
            "private": "eyJlMmJmYjczMC1lY2FhLTExZTYtOGY4OC0zNDM2M2JjN2M0YzAiOnsiY3JlYXRlIjo2MDAwMDAwMDAwMDAsImRlbGV0ZSI6NjAwMDAwMDAwMDAwLCJ1cGRhdGUiOjYwMDAwMDAwMDAwMH19",
            "dependencies": [
              "aws_vpc.this"
            ]
          }
        ]
      },
      {
        "mode": "managed",
        "type": "aws_vpc_endpoint_route_table_association",
        "name": "this",
        "provider": "provider[\"registry.terraform.io/hashicorp/aws\"]",
        "instances": [
          {
            "schema_version": 0,
            "attributes": {
              "id": "a-vpce-0c9dca669692abe452537204185",
              "route_table_id": "rtb-0e39ed738ca466844",
              "vpc_endpoint_id": "vpce-0c9dca669692abe45"
            },
            "sensitive_attributes": [],
            "private": "bnVsbA==",
            "dependencies": [
              "aws_route_table.public",
              "aws_vpc.this",
              "aws_vpc_endpoint.s3"
            ]
          }
        ]
      }
    ],
    "check_results": null
  }
  